// !$*UTF8*$!
{
	archiveVersion = 1;
	classes = {
	};
	objectVersion = 77;
	objects = {

/* Begin PBXBuildFile section */
		5FDF85502D9CC31400CDEEB5 /* RealityKitContent in Frameworks */ = {isa = PBXBuildFile; productRef = 5FDF854F2D9CC31400CDEEB5 /* RealityKitContent */; };
/* End PBXBuildFile section */

/* Begin PBXContainerItemProxy section */
		5FDF85662D9CC31500CDEEB5 /* PBXContainerItemProxy */ = {
			isa = PBXContainerItemProxy;
			containerPortal = 5FDF85422D9CC31400CDEEB5 /* Project object */;
			proxyType = 1;
			remoteGlobalIDString = 5FDF85492D9CC31400CDEEB5;
			remoteInfo = "NYP FYP GAM APP";
		};
/* End PBXContainerItemProxy section */

/* Begin PBXFileReference section */
		5FDF854A2D9CC31400CDEEB5 /* NYP FYP GAM APP.app */ = {isa = PBXFileReference; explicitFileType = wrapper.application; includeInIndex = 0; path = "NYP FYP GAM APP.app"; sourceTree = BUILT_PRODUCTS_DIR; };
		5FDF854E2D9CC31400CDEEB5 /* RealityKitContent */ = {isa = PBXFileReference; lastKnownFileType = wrapper; path = RealityKitContent; sourceTree = "<group>"; };
		5FDF85652D9CC31500CDEEB5 /* NYP FYP GAM APPTests.xctest */ = {isa = PBXFileReference; explicitFileType = wrapper.cfbundle; includeInIndex = 0; path = "NYP FYP GAM APPTests.xctest"; sourceTree = BUILT_PRODUCTS_DIR; };
/* End PBXFileReference section */

/* Begin PBXFileSystemSynchronizedBuildFileExceptionSet section */
		5FDF856B2D9CC31500CDEEB5 /* Exceptions for "NYP FYP GAM APP" folder in "NYP FYP GAM APP" target */ = {
			isa = PBXFileSystemSynchronizedBuildFileExceptionSet;
			membershipExceptions = (
				Info.plist,
			);
			target = 5FDF85492D9CC31400CDEEB5 /* NYP FYP GAM APP */;
		};
/* End PBXFileSystemSynchronizedBuildFileExceptionSet section */

/* Begin PBXFileSystemSynchronizedRootGroup section */
		5FDF854C2D9CC31400CDEEB5 /* NYP FYP GAM APP */ = {
			isa = PBXFileSystemSynchronizedRootGroup;
			exceptions = (
				5FDF856B2D9CC31500CDEEB5 /* Exceptions for "NYP FYP GAM APP" folder in "NYP FYP GAM APP" target */,
			);
			path = "NYP FYP GAM APP";
			sourceTree = "<group>";
		};
		5FDF85682D9CC31500CDEEB5 /* NYP FYP GAM APPTests */ = {
			isa = PBXFileSystemSynchronizedRootGroup;
			path = "NYP FYP GAM APPTests";
			sourceTree = "<group>";
		};
/* End PBXFileSystemSynchronizedRootGroup section */

/* Begin PBXFrameworksBuildPhase section */
		5FDF85472D9CC31400CDEEB5 /* Frameworks */ = {
			isa = PBXFrameworksBuildPhase;
			buildActionMask = 2147483647;
			files = (
				5FDF85502D9CC31400CDEEB5 /* RealityKitContent in Frameworks */,
			);
			runOnlyForDeploymentPostprocessing = 0;
		};
		5FDF85622D9CC31500CDEEB5 /* Frameworks */ = {
			isa = PBXFrameworksBuildPhase;
			buildActionMask = 2147483647;
			files = (
			);
			runOnlyForDeploymentPostprocessing = 0;
		};
/* End PBXFrameworksBuildPhase section */

/* Begin PBXGroup section */
		5FDF85412D9CC31400CDEEB5 = {
			isa = PBXGroup;
			children = (
				5FDF854C2D9CC31400CDEEB5 /* NYP FYP GAM APP */,
				5FDF854D2D9CC31400CDEEB5 /* Packages */,
				5FDF85682D9CC31500CDEEB5 /* NYP FYP GAM APPTests */,
				5FDF854B2D9CC31400CDEEB5 /* Products */,
			);
			sourceTree = "<group>";
		};
		5FDF854B2D9CC31400CDEEB5 /* Products */ = {
			isa = PBXGroup;
			children = (
				5FDF854A2D9CC31400CDEEB5 /* NYP FYP GAM APP.app */,
				5FDF85652D9CC31500CDEEB5 /* NYP FYP GAM APPTests.xctest */,
			);
			name = Products;
			sourceTree = "<group>";
		};
		5FDF854D2D9CC31400CDEEB5 /* Packages */ = {
			isa = PBXGroup;
			children = (
				5FDF854E2D9CC31400CDEEB5 /* RealityKitContent */,
			);
			path = Packages;
			sourceTree = "<group>";
		};
/* End PBXGroup section */

/* Begin PBXNativeTarget section */
		5FDF85492D9CC31400CDEEB5 /* NYP FYP GAM APP */ = {
			isa = PBXNativeTarget;
			buildConfigurationList = 5FDF856C2D9CC31500CDEEB5 /* Build configuration list for PBXNativeTarget "NYP FYP GAM APP" */;
			buildPhases = (
				5FDF85462D9CC31400CDEEB5 /* Sources */,
				5FDF85472D9CC31400CDEEB5 /* Frameworks */,
				5FDF85482D9CC31400CDEEB5 /* Resources */,
			);
			buildRules = (
			);
			dependencies = (
			);
			fileSystemSynchronizedGroups = (
				5FDF854C2D9CC31400CDEEB5 /* NYP FYP GAM APP */,
			);
			name = "NYP FYP GAM APP";
			packageProductDependencies = (
				5FDF854F2D9CC31400CDEEB5 /* RealityKitContent */,
			);
			productName = "NYP FYP GAM APP";
			productReference = 5FDF854A2D9CC31400CDEEB5 /* NYP FYP GAM APP.app */;
			productType = "com.apple.product-type.application";
		};
		5FDF85642D9CC31500CDEEB5 /* NYP FYP GAM APPTests */ = {
			isa = PBXNativeTarget;
			buildConfigurationList = 5FDF85712D9CC31500CDEEB5 /* Build configuration list for PBXNativeTarget "NYP FYP GAM APPTests" */;
			buildPhases = (
				5FDF85612D9CC31500CDEEB5 /* Sources */,
				5FDF85622D9CC31500CDEEB5 /* Frameworks */,
				5FDF85632D9CC31500CDEEB5 /* Resources */,
			);
			buildRules = (
			);
			dependencies = (
				5FDF85672D9CC31500CDEEB5 /* PBXTargetDependency */,
			);
			fileSystemSynchronizedGroups = (
				5FDF85682D9CC31500CDEEB5 /* NYP FYP GAM APPTests */,
			);
			name = "NYP FYP GAM APPTests";
			packageProductDependencies = (
			);
			productName = "NYP FYP GAM APPTests";
			productReference = 5FDF85652D9CC31500CDEEB5 /* NYP FYP GAM APPTests.xctest */;
			productType = "com.apple.product-type.bundle.unit-test";
		};
/* End PBXNativeTarget section */

/* Begin PBXProject section */
		5FDF85422D9CC31400CDEEB5 /* Project object */ = {
			isa = PBXProject;
			attributes = {
				BuildIndependentTargetsInParallel = 1;
				LastSwiftUpdateCheck = 1620;
				LastUpgradeCheck = 1620;
				TargetAttributes = {
					5FDF85492D9CC31400CDEEB5 = {
						CreatedOnToolsVersion = 16.2;
					};
					5FDF85642D9CC31500CDEEB5 = {
						CreatedOnToolsVersion = 16.2;
						TestTargetID = 5FDF85492D9CC31400CDEEB5;
					};
				};
			};
			buildConfigurationList = 5FDF85452D9CC31400CDEEB5 /* Build configuration list for PBXProject "NYP FYP GAM APP" */;
			developmentRegion = en;
			hasScannedForEncodings = 0;
			knownRegions = (
				en,
				Base,
			);
			mainGroup = 5FDF85412D9CC31400CDEEB5;
			minimizedProjectReferenceProxies = 1;
			preferredProjectObjectVersion = 77;
			productRefGroup = 5FDF854B2D9CC31400CDEEB5 /* Products */;
			projectDirPath = "";
			projectRoot = "";
			targets = (
				5FDF85492D9CC31400CDEEB5 /* NYP FYP GAM APP */,
				5FDF85642D9CC31500CDEEB5 /* NYP FYP GAM APPTests */,
			);
		};
/* End PBXProject section */

/* Begin PBXResourcesBuildPhase section */
		5FDF85482D9CC31400CDEEB5 /* Resources */ = {
			isa = PBXResourcesBuildPhase;
			buildActionMask = 2147483647;
			files = (
			);
			runOnlyForDeploymentPostprocessing = 0;
		};
		5FDF85632D9CC31500CDEEB5 /* Resources */ = {
			isa = PBXResourcesBuildPhase;
			buildActionMask = 2147483647;
			files = (
			);
			runOnlyForDeploymentPostprocessing = 0;
		};
/* End PBXResourcesBuildPhase section */

/* Begin PBXSourcesBuildPhase section */
		5FDF85462D9CC31400CDEEB5 /* Sources */ = {
			isa = PBXSourcesBuildPhase;
			buildActionMask = 2147483647;
			files = (
			);
			runOnlyForDeploymentPostprocessing = 0;
		};
		5FDF85612D9CC31500CDEEB5 /* Sources */ = {
			isa = PBXSourcesBuildPhase;
			buildActionMask = 2147483647;
			files = (
			);
			runOnlyForDeploymentPostprocessing = 0;
		};
/* End PBXSourcesBuildPhase section */

/* Begin PBXTargetDependency section */
		5FDF85672D9CC31500CDEEB5 /* PBXTargetDependency */ = {
			isa = PBXTargetDependency;
			target = 5FDF85492D9CC31400CDEEB5 /* NYP FYP GAM APP */;
			targetProxy = 5FDF85662D9CC31500CDEEB5 /* PBXContainerItemProxy */;
		};
/* End PBXTargetDependency section */

/* Begin XCBuildConfiguration section */
		5FDF856D2D9CC31500CDEEB5 /* Debug */ = {
			isa = XCBuildConfiguration;
			buildSettings = {
				ASSETCATALOG_COMPILER_APPICON_NAME = AppIcon;
				ASSETCATALOG_COMPILER_GLOBAL_ACCENT_COLOR_NAME = AccentColor;
				CODE_SIGN_STYLE = Automatic;
				CURRENT_PROJECT_VERSION = 1;
				DEVELOPMENT_ASSET_PATHS = "\"NYP FYP GAM APP/Preview Content\"";
				DEVELOPMENT_TEAM = 8FT7JM8TC6;
				ENABLE_PREVIEWS = YES;
				GENERATE_INFOPLIST_FILE = YES;
				INFOPLIST_FILE = "$(TARGET_NAME)/Info.plist";
				LD_RUNPATH_SEARCH_PATHS = (
					"$(inherited)",
					"@executable_path/Frameworks",
				);
				MARKETING_VERSION = 1.0;
				PRODUCT_BUNDLE_IDENTIFIER = "com.NYP.NYP-FYP-GAM-APP";
				PRODUCT_NAME = "$(TARGET_NAME)";
				SUPPORTED_PLATFORMS = "xros xrsimulator";
				SWIFT_EMIT_LOC_STRINGS = YES;
				SWIFT_VERSION = 5.0;
				TARGETED_DEVICE_FAMILY = 7;
			};
			name = Debug;
		};
		5FDF856E2D9CC31500CDEEB5 /* Release */ = {
			isa = XCBuildConfiguration;
			buildSettings = {
				ASSETCATALOG_COMPILER_APPICON_NAME = AppIcon;
				ASSETCATALOG_COMPILER_GLOBAL_ACCENT_COLOR_NAME = AccentColor;
				CODE_SIGN_STYLE = Automatic;
				CURRENT_PROJECT_VERSION = 1;
				DEVELOPMENT_ASSET_PATHS = "\"NYP FYP GAM APP/Preview Content\"";
				DEVELOPMENT_TEAM = 8FT7JM8TC6;
				ENABLE_PREVIEWS = YES;
				GENERATE_INFOPLIST_FILE = YES;
				INFOPLIST_FILE = "$(TARGET_NAME)/Info.plist";
				LD_RUNPATH_SEARCH_PATHS = (
					"$(inherited)",
					"@executable_path/Frameworks",
				);
				MARKETING_VERSION = 1.0;
				PRODUCT_BUNDLE_IDENTIFIER = "com.NYP.NYP-FYP-GAM-APP";
				PRODUCT_NAME = "$(TARGET_NAME)";
				SUPPORTED_PLATFORMS = "xros xrsimulator";
				SWIFT_EMIT_LOC_STRINGS = YES;
				SWIFT_VERSION = 5.0;
				TARGETED_DEVICE_FAMILY = 7;
			};
			name = Release;
		};
		5FDF856F2D9CC31500CDEEB5 /* Debug */ = {
			isa = XCBuildConfiguration;
			buildSettings = {
				ALWAYS_SEARCH_USER_PATHS = NO;
				ASSETCATALOG_COMPILER_GENERATE_SWIFT_ASSET_SYMBOL_EXTENSIONS = YES;
				CLANG_ANALYZER_NONNULL = YES;
				CLANG_ANALYZER_NUMBER_OBJECT_CONVERSION = YES_AGGRESSIVE;
				CLANG_CXX_LANGUAGE_STANDARD = "gnu++20";
				CLANG_ENABLE_MODULES = YES;
				CLANG_ENABLE_OBJC_ARC = YES;
				CLANG_ENABLE_OBJC_WEAK = YES;
				CLANG_WARN_BLOCK_CAPTURE_AUTORELEASING = YES;
				CLANG_WARN_BOOL_CONVERSION = YES;
				CLANG_WARN_COMMA = YES;
				CLANG_WARN_CONSTANT_CONVERSION = YES;
				CLANG_WARN_DEPRECATED_OBJC_IMPLEMENTATIONS = YES;
				CLANG_WARN_DIRECT_OBJC_ISA_USAGE = YES_ERROR;
				CLANG_WARN_DOCUMENTATION_COMMENTS = YES;
				CLANG_WARN_EMPTY_BODY = YES;
				CLANG_WARN_ENUM_CONVERSION = YES;
				CLANG_WARN_INFINITE_RECURSION = YES;
				CLANG_WARN_INT_CONVERSION = YES;
				CLANG_WARN_NON_LITERAL_NULL_CONVERSION = YES;
				CLANG_WARN_OBJC_IMPLICIT_RETAIN_SELF = YES;
				CLANG_WARN_OBJC_LITERAL_CONVERSION = YES;
				CLANG_WARN_OBJC_ROOT_CLASS = YES_ERROR;
				CLANG_WARN_QUOTED_INCLUDE_IN_FRAMEWORK_HEADER = YES;
				CLANG_WARN_RANGE_LOOP_ANALYSIS = YES;
				CLANG_WARN_STRICT_PROTOTYPES = YES;
				CLANG_WARN_SUSPICIOUS_MOVE = YES;
				CLANG_WARN_UNGUARDED_AVAILABILITY = YES_AGGRESSIVE;
				CLANG_WARN_UNREACHABLE_CODE = YES;
				CLANG_WARN__DUPLICATE_METHOD_MATCH = YES;
				COPY_PHASE_STRIP = NO;
				DEBUG_INFORMATION_FORMAT = dwarf;
				ENABLE_STRICT_OBJC_MSGSEND = YES;
				ENABLE_TESTABILITY = YES;
				ENABLE_USER_SCRIPT_SANDBOXING = YES;
				GCC_C_LANGUAGE_STANDARD = gnu17;
				GCC_DYNAMIC_NO_PIC = NO;
				GCC_NO_COMMON_BLOCKS = YES;
				GCC_OPTIMIZATION_LEVEL = 0;
				GCC_PREPROCESSOR_DEFINITIONS = (
					"DEBUG=1",
					"$(inherited)",
				);
				GCC_WARN_64_TO_32_BIT_CONVERSION = YES;
				GCC_WARN_ABOUT_RETURN_TYPE = YES_ERROR;
				GCC_WARN_UNDECLARED_SELECTOR = YES;
				GCC_WARN_UNINITIALIZED_AUTOS = YES_AGGRESSIVE;
				GCC_WARN_UNUSED_FUNCTION = YES;
				GCC_WARN_UNUSED_VARIABLE = YES;
				LOCALIZATION_PREFERS_STRING_CATALOGS = YES;
				MTL_ENABLE_DEBUG_INFO = INCLUDE_SOURCE;
				MTL_FAST_MATH = YES;
				ONLY_ACTIVE_ARCH = YES;
				SDKROOT = xros;
				SWIFT_ACTIVE_COMPILATION_CONDITIONS = "DEBUG $(inherited)";
				SWIFT_OPTIMIZATION_LEVEL = "-Onone";
				XROS_DEPLOYMENT_TARGET = 2.2;
			};
			name = Debug;
		};
		5FDF85702D9CC31500CDEEB5 /* Release */ = {
			isa = XCBuildConfiguration;
			buildSettings = {
				ALWAYS_SEARCH_USER_PATHS = NO;
				ASSETCATALOG_COMPILER_GENERATE_SWIFT_ASSET_SYMBOL_EXTENSIONS = YES;
				CLANG_ANALYZER_NONNULL = YES;
				CLANG_ANALYZER_NUMBER_OBJECT_CONVERSION = YES_AGGRESSIVE;
				CLANG_CXX_LANGUAGE_STANDARD = "gnu++20";
				CLANG_ENABLE_MODULES = YES;
				CLANG_ENABLE_OBJC_ARC = YES;
				CLANG_ENABLE_OBJC_WEAK = YES;
				CLANG_WARN_BLOCK_CAPTURE_AUTORELEASING = YES;
				CLANG_WARN_BOOL_CONVERSION = YES;
				CLANG_WARN_COMMA = YES;
				CLANG_WARN_CONSTANT_CONVERSION = YES;
				CLANG_WARN_DEPRECATED_OBJC_IMPLEMENTATIONS = YES;
				CLANG_WARN_DIRECT_OBJC_ISA_USAGE = YES_ERROR;
				CLANG_WARN_DOCUMENTATION_COMMENTS = YES;
				CLANG_WARN_EMPTY_BODY = YES;
				CLANG_WARN_ENUM_CONVERSION = YES;
				CLANG_WARN_INFINITE_RECURSION = YES;
				CLANG_WARN_INT_CONVERSION = YES;
				CLANG_WARN_NON_LITERAL_NULL_CONVERSION = YES;
				CLANG_WARN_OBJC_IMPLICIT_RETAIN_SELF = YES;
				CLANG_WARN_OBJC_LITERAL_CONVERSION = YES;
				CLANG_WARN_OBJC_ROOT_CLASS = YES_ERROR;
				CLANG_WARN_QUOTED_INCLUDE_IN_FRAMEWORK_HEADER = YES;
				CLANG_WARN_RANGE_LOOP_ANALYSIS = YES;
				CLANG_WARN_STRICT_PROTOTYPES = YES;
				CLANG_WARN_SUSPICIOUS_MOVE = YES;
				CLANG_WARN_UNGUARDED_AVAILABILITY = YES_AGGRESSIVE;
				CLANG_WARN_UNREACHABLE_CODE = YES;
				CLANG_WARN__DUPLICATE_METHOD_MATCH = YES;
				COPY_PHASE_STRIP = NO;
				DEBUG_INFORMATION_FORMAT = "dwarf-with-dsym";
				ENABLE_NS_ASSERTIONS = NO;
				ENABLE_STRICT_OBJC_MSGSEND = YES;
				ENABLE_USER_SCRIPT_SANDBOXING = YES;
				GCC_C_LANGUAGE_STANDARD = gnu17;
				GCC_NO_COMMON_BLOCKS = YES;
				GCC_WARN_64_TO_32_BIT_CONVERSION = YES;
				GCC_WARN_ABOUT_RETURN_TYPE = YES_ERROR;
				GCC_WARN_UNDECLARED_SELECTOR = YES;
				GCC_WARN_UNINITIALIZED_AUTOS = YES_AGGRESSIVE;
				GCC_WARN_UNUSED_FUNCTION = YES;
				GCC_WARN_UNUSED_VARIABLE = YES;
				LOCALIZATION_PREFERS_STRING_CATALOGS = YES;
				MTL_ENABLE_DEBUG_INFO = NO;
				MTL_FAST_MATH = YES;
				SDKROOT = xros;
				SWIFT_COMPILATION_MODE = wholemodule;
				VALIDATE_PRODUCT = YES;
				XROS_DEPLOYMENT_TARGET = 2.2;
			};
			name = Release;
		};
		5FDF85722D9CC31500CDEEB5 /* Debug */ = {
			isa = XCBuildConfiguration;
			buildSettings = {
				BUNDLE_LOADER = "$(TEST_HOST)";
				CODE_SIGN_STYLE = Automatic;
				CURRENT_PROJECT_VERSION = 1;
				DEVELOPMENT_TEAM = 8FT7JM8TC6;
				GENERATE_INFOPLIST_FILE = YES;
				MARKETING_VERSION = 1.0;
				PRODUCT_BUNDLE_IDENTIFIER = "com.NYP.NYP-FYP-GAM-APPTests";
				PRODUCT_NAME = "$(TARGET_NAME)";
				SUPPORTED_PLATFORMS = "xros xrsimulator";
				SWIFT_EMIT_LOC_STRINGS = NO;
				SWIFT_VERSION = 5.0;
				TARGETED_DEVICE_FAMILY = 7;
				TEST_HOST = "$(BUILT_PRODUCTS_DIR)/NYP FYP GAM APP.app/$(BUNDLE_EXECUTABLE_FOLDER_PATH)/NYP FYP GAM APP";
				XROS_DEPLOYMENT_TARGET = 2.2;
			};
			name = Debug;
		};
		5FDF85732D9CC31500CDEEB5 /* Release */ = {
			isa = XCBuildConfiguration;
			buildSettings = {
				BUNDLE_LOADER = "$(TEST_HOST)";
				CODE_SIGN_STYLE = Automatic;
				CURRENT_PROJECT_VERSION = 1;
				DEVELOPMENT_TEAM = 8FT7JM8TC6;
				GENERATE_INFOPLIST_FILE = YES;
				MARKETING_VERSION = 1.0;
				PRODUCT_BUNDLE_IDENTIFIER = "com.NYP.NYP-FYP-GAM-APPTests";
				PRODUCT_NAME = "$(TARGET_NAME)";
				SUPPORTED_PLATFORMS = "xros xrsimulator";
				SWIFT_EMIT_LOC_STRINGS = NO;
				SWIFT_VERSION = 5.0;
				TARGETED_DEVICE_FAMILY = 7;
				TEST_HOST = "$(BUILT_PRODUCTS_DIR)/NYP FYP GAM APP.app/$(BUNDLE_EXECUTABLE_FOLDER_PATH)/NYP FYP GAM APP";
				XROS_DEPLOYMENT_TARGET = 2.2;
			};
			name = Release;
		};
/* End XCBuildConfiguration section */

/* Begin XCConfigurationList section */
		5FDF85452D9CC31400CDEEB5 /* Build configuration list for PBXProject "NYP FYP GAM APP" */ = {
			isa = XCConfigurationList;
			buildConfigurations = (
				5FDF856F2D9CC31500CDEEB5 /* Debug */,
				5FDF85702D9CC31500CDEEB5 /* Release */,
			);
			defaultConfigurationIsVisible = 0;
			defaultConfigurationName = Release;
		};
		5FDF856C2D9CC31500CDEEB5 /* Build configuration list for PBXNativeTarget "NYP FYP GAM APP" */ = {
			isa = XCConfigurationList;
			buildConfigurations = (
				5FDF856D2D9CC31500CDEEB5 /* Debug */,
				5FDF856E2D9CC31500CDEEB5 /* Release */,
			);
			defaultConfigurationIsVisible = 0;
			defaultConfigurationName = Release;
		};
		5FDF85712D9CC31500CDEEB5 /* Build configuration list for PBXNativeTarget "NYP FYP GAM APPTests" */ = {
			isa = XCConfigurationList;
			buildConfigurations = (
				5FDF85722D9CC31500CDEEB5 /* Debug */,
				5FDF85732D9CC31500CDEEB5 /* Release */,
			);
			defaultConfigurationIsVisible = 0;
			defaultConfigurationName = Release;
		};
/* End XCConfigurationList section */

/* Begin XCSwiftPackageProductDependency section */
		5FDF854F2D9CC31400CDEEB5 /* RealityKitContent */ = {
			isa = XCSwiftPackageProductDependency;
			productName = RealityKitContent;
		};
/* End XCSwiftPackageProductDependency section */
	};
	rootObject = 5FDF85422D9CC31400CDEEB5 /* Project object */;
}
